
Microsoft Visual Studio Solution File, Format Version 12.00
# Visual Studio 2013
VisualStudioVersion = 12.0.30501.0
MinimumVisualStudioVersion = 10.0.40219.1
Project("{FAE04EC0-301F-11D3-BF4B-00C04F79EFBC}") = "Net.Sz.Framework", "Pool\Net.Sz.Framework\Net.Sz.Framework.csproj", "{C43858CE-AEB1-497A-AB38-1E42185DB678}"
EndProject
Project("{FAE04EC0-301F-11D3-BF4B-00C04F79EFBC}") = "Net.Sz.Framework.DB", "Pool\Net.Sz.Framework.DB\Net.Sz.Framework.DB.csproj", "{7159F826-8F13-4809-977A-E673C46AED6A}"
EndProject
Project("{FAE04EC0-301F-11D3-BF4B-00C04F79EFBC}") = "ResetFileMd5", "Pool\ResetFileMd5\ResetFileMd5.csproj", "{1309F722-7DCF-4984-B8DB-1474448FBDD5}"
EndProject
Project("{FAE04EC0-301F-11D3-BF4B-00C04F79EFBC}") = "YSPhoton", "Pool\YSPhoton\YSPhoton.csproj", "{53054CB7-B3AC-4024-B8CA-F542842559B1}"
EndProject
Project("{FAE04EC0-301F-11D3-BF4B-00C04F79EFBC}") = "protobuf-net", "Pool\protobuf-net\protobuf-net.csproj", "{8374E4D7-2A91-48F1-9360-09B09CF27C3F}"
EndProject
Project("{FAE04EC0-301F-11D3-BF4B-00C04F79EFBC}") = "Net.Sz.Framework.ExcelTools", "Pool\Net.Sz.Framework.ExcelTools\Net.Sz.Framework.ExcelTools.csproj", "{02C7FB77-F233-426D-A522-5036DF9B2ED6}"
EndProject
Project("{2150E333-8FDC-42A3-9474-1A3956D46DE8}") = "pool", "pool", "{0D964A01-E594-426E-8FC2-54EE6A865A17}"
EndProject
Project("{2150E333-8FDC-42A3-9474-1A3956D46DE8}") = "test", "test", "{F6EEB165-F533-426B-9FA1-EF3D60E21814}"
EndProject
Project("{FAE04EC0-301F-11D3-BF4B-00C04F79EFBC}") = "Net.Sz.Framework.ORMDB", "Pool\Net.Sz.Framework.ORMDB\Net.Sz.Framework.ORMDB.csproj", "{1C18143A-FE62-425C-ABE5-A96C2E9D41BE}"
EndProject
Project("{FAE04EC0-301F-11D3-BF4B-00C04F79EFBC}") = "CApp1", "Test\CApp1\CApp1.csproj", "{A564FDCF-9EF0-4EF4-8270-03FAF1F2F269}"
EndProject
Project("{FAE04EC0-301F-11D3-BF4B-00C04F79EFBC}") = "ORMTest", "Test\ORMTest\ORMTest.csproj", "{792EF988-ECE3-4E45-AF90-728395C5E6BE}"
EndProject
Project("{FAE04EC0-301F-11D3-BF4B-00C04F79EFBC}") = "Fly.WebManager.Website", "Test\Fly.WebManager.Website\Fly.WebManager.Website.csproj", "{88A98020-7770-41CF-B46C-4A2713D7D771}"
EndProject
Project("{FAE04EC0-301F-11D3-BF4B-00C04F79EFBC}") = "Net.Sz.Framework.Netty", "Pool\Net.Sz.Framework.Netty\Net.Sz.Framework.Netty.csproj", "{455D35A3-6CF9-48BD-A4F4-7D0E69454A1D}"
EndProject
Project("{FAE04EC0-301F-11D3-BF4B-00C04F79EFBC}") = "Net.Sz.Framework.AStart", "Pool\Net.Sz.Framework.AStart\Net.Sz.Framework.AStart.csproj", "{64601F7F-CF25-4C6B-B6E4-F701D6D762BD}"
EndProject
Project("{FAE04EC0-301F-11D3-BF4B-00C04F79EFBC}") = "Net.Sz.Framework.Szlog", "Pool\Net.Sz.Framework.Szlog\Net.Sz.Framework.Szlog.csproj", "{F8E79A43-C822-490E-AE37-FBE08912FEEE}"
EndProject
Project("{FAE04EC0-301F-11D3-BF4B-00C04F79EFBC}") = "Net.Sz.Framework.Script", "Pool\Net.Sz.Framework.Script\Net.Sz.Framework.Script.csproj", "{213098CB-AEE2-4931-B467-340A2069C5F7}"
EndProject
Project("{FAE04EC0-301F-11D3-BF4B-00C04F79EFBC}") = "CApp_SzlogTest", "Test\CApp_SzlogTest\CApp_SzlogTest.csproj", "{B86961F3-89FD-4F82-A24F-B165F557B207}"
EndProject
Project("{FAE04EC0-301F-11D3-BF4B-00C04F79EFBC}") = "CApp_SzThreadTest", "Test\CApp_SzThreadTest\CApp_SzThreadTest.csproj", "{56ADED66-C772-4378-9420-0AD9ED14C297}"
EndProject
Project("{FAE04EC0-301F-11D3-BF4B-00C04F79EFBC}") = "Net.Sz.Framework.SzThreading", "Pool\Net.Sz.Framework.SzThreading\Net.Sz.Framework.SzThreading.csproj", "{892BED86-5EA4-45D0-A2FD-30A39BBD3698}"
EndProject
Project("{FAE04EC0-301F-11D3-BF4B-00C04F79EFBC}") = "CApp_NettyTest", "Test\CApp_NettyTest\CApp_NettyTest.csproj", "{2C572E47-AC19-4E60-A6CD-527F8DB24D68}"
EndProject
Project("{FAE04EC0-301F-11D3-BF4B-00C04F79EFBC}") = "CApp_Webapi", "Test\CApp_Webapi\CApp_Webapi.csproj", "{2FEA19C9-8AC0-4759-BC6F-FA187EF69BB6}"
EndProject
Global
	GlobalSection(SolutionConfigurationPlatforms) = preSolution
		CoreOnly|Any CPU = CoreOnly|Any CPU
		CoreOnly|x64 = CoreOnly|x64
		Debug|Any CPU = Debug|Any CPU
		Debug|x64 = Debug|x64
		iOS|Any CPU = iOS|Any CPU
		iOS|x64 = iOS|x64
		Net20|Any CPU = Net20|Any CPU
		Net20|x64 = Net20|x64
		Profile|Any CPU = Profile|Any CPU
		Profile|x64 = Profile|x64
		Release|Any CPU = Release|Any CPU
		Release|x64 = Release|x64
		Silverlight2|Any CPU = Silverlight2|Any CPU
		Silverlight2|x64 = Silverlight2|x64
		Unity|Any CPU = Unity|Any CPU
		Unity|x64 = Unity|x64
	EndGlobalSection
	GlobalSection(ProjectConfigurationPlatforms) = postSolution
		{C43858CE-AEB1-497A-AB38-1E42185DB678}.CoreOnly|Any CPU.ActiveCfg = Release|Any CPU
		{C43858CE-AEB1-497A-AB38-1E42185DB678}.CoreOnly|Any CPU.Build.0 = Release|Any CPU
		{C43858CE-AEB1-497A-AB38-1E42185DB678}.CoreOnly|x64.ActiveCfg = Release|x64
		{C43858CE-AEB1-497A-AB38-1E42185DB678}.CoreOnly|x64.Build.0 = Release|x64
		{C43858CE-AEB1-497A-AB38-1E42185DB678}.Debug|Any CPU.ActiveCfg = Debug|Any CPU
		{C43858CE-AEB1-497A-AB38-1E42185DB678}.Debug|Any CPU.Build.0 = Debug|Any CPU
		{C43858CE-AEB1-497A-AB38-1E42185DB678}.Debug|x64.ActiveCfg = Debug|x64
		{C43858CE-AEB1-497A-AB38-1E42185DB678}.Debug|x64.Build.0 = Debug|x64
		{C43858CE-AEB1-497A-AB38-1E42185DB678}.iOS|Any CPU.ActiveCfg = Release|Any CPU
		{C43858CE-AEB1-497A-AB38-1E42185DB678}.iOS|Any CPU.Build.0 = Release|Any CPU
		{C43858CE-AEB1-497A-AB38-1E42185DB678}.iOS|x64.ActiveCfg = Release|x64
		{C43858CE-AEB1-497A-AB38-1E42185DB678}.iOS|x64.Build.0 = Release|x64
		{C43858CE-AEB1-497A-AB38-1E42185DB678}.Net20|Any CPU.ActiveCfg = Release|Any CPU
		{C43858CE-AEB1-497A-AB38-1E42185DB678}.Net20|Any CPU.Build.0 = Release|Any CPU
		{C43858CE-AEB1-497A-AB38-1E42185DB678}.Net20|x64.ActiveCfg = Release|x64
		{C43858CE-AEB1-497A-AB38-1E42185DB678}.Net20|x64.Build.0 = Release|x64
		{C43858CE-AEB1-497A-AB38-1E42185DB678}.Profile|Any CPU.ActiveCfg = Release|Any CPU
		{C43858CE-AEB1-497A-AB38-1E42185DB678}.Profile|Any CPU.Build.0 = Release|Any CPU
		{C43858CE-AEB1-497A-AB38-1E42185DB678}.Profile|x64.ActiveCfg = Release|x64
		{C43858CE-AEB1-497A-AB38-1E42185DB678}.Profile|x64.Build.0 = Release|x64
		{C43858CE-AEB1-497A-AB38-1E42185DB678}.Release|Any CPU.ActiveCfg = Release|Any CPU
		{C43858CE-AEB1-497A-AB38-1E42185DB678}.Release|Any CPU.Build.0 = Release|Any CPU
		{C43858CE-AEB1-497A-AB38-1E42185DB678}.Release|x64.ActiveCfg = Release|x64
		{C43858CE-AEB1-497A-AB38-1E42185DB678}.Release|x64.Build.0 = Release|x64
		{C43858CE-AEB1-497A-AB38-1E42185DB678}.Silverlight2|Any CPU.ActiveCfg = Release|Any CPU
		{C43858CE-AEB1-497A-AB38-1E42185DB678}.Silverlight2|Any CPU.Build.0 = Release|Any CPU
		{C43858CE-AEB1-497A-AB38-1E42185DB678}.Silverlight2|x64.ActiveCfg = Release|x64
		{C43858CE-AEB1-497A-AB38-1E42185DB678}.Silverlight2|x64.Build.0 = Release|x64
		{C43858CE-AEB1-497A-AB38-1E42185DB678}.Unity|Any CPU.ActiveCfg = Release|Any CPU
		{C43858CE-AEB1-497A-AB38-1E42185DB678}.Unity|Any CPU.Build.0 = Release|Any CPU
		{C43858CE-AEB1-497A-AB38-1E42185DB678}.Unity|x64.ActiveCfg = Release|x64
		{C43858CE-AEB1-497A-AB38-1E42185DB678}.Unity|x64.Build.0 = Release|x64
		{7159F826-8F13-4809-977A-E673C46AED6A}.CoreOnly|Any CPU.ActiveCfg = Release|Any CPU
		{7159F826-8F13-4809-977A-E673C46AED6A}.CoreOnly|Any CPU.Build.0 = Release|Any CPU
		{7159F826-8F13-4809-977A-E673C46AED6A}.CoreOnly|x64.ActiveCfg = Release|x64
		{7159F826-8F13-4809-977A-E673C46AED6A}.CoreOnly|x64.Build.0 = Release|x64
		{7159F826-8F13-4809-977A-E673C46AED6A}.Debug|Any CPU.ActiveCfg = Debug|Any CPU
		{7159F826-8F13-4809-977A-E673C46AED6A}.Debug|Any CPU.Build.0 = Debug|Any CPU
		{7159F826-8F13-4809-977A-E673C46AED6A}.Debug|x64.ActiveCfg = Debug|x64
		{7159F826-8F13-4809-977A-E673C46AED6A}.Debug|x64.Build.0 = Debug|x64
		{7159F826-8F13-4809-977A-E673C46AED6A}.iOS|Any CPU.ActiveCfg = Release|Any CPU
		{7159F826-8F13-4809-977A-E673C46AED6A}.iOS|Any CPU.Build.0 = Release|Any CPU
		{7159F826-8F13-4809-977A-E673C46AED6A}.iOS|x64.ActiveCfg = Release|x64
		{7159F826-8F13-4809-977A-E673C46AED6A}.iOS|x64.Build.0 = Release|x64
		{7159F826-8F13-4809-977A-E673C46AED6A}.Net20|Any CPU.ActiveCfg = Release|Any CPU
		{7159F826-8F13-4809-977A-E673C46AED6A}.Net20|Any CPU.Build.0 = Release|Any CPU
		{7159F826-8F13-4809-977A-E673C46AED6A}.Net20|x64.ActiveCfg = Release|x64
		{7159F826-8F13-4809-977A-E673C46AED6A}.Net20|x64.Build.0 = Release|x64
		{7159F826-8F13-4809-977A-E673C46AED6A}.Profile|Any CPU.ActiveCfg = Release|Any CPU
		{7159F826-8F13-4809-977A-E673C46AED6A}.Profile|Any CPU.Build.0 = Release|Any CPU
		{7159F826-8F13-4809-977A-E673C46AED6A}.Profile|x64.ActiveCfg = Release|x64
		{7159F826-8F13-4809-977A-E673C46AED6A}.Profile|x64.Build.0 = Release|x64
		{7159F826-8F13-4809-977A-E673C46AED6A}.Release|Any CPU.ActiveCfg = Release|Any CPU
		{7159F826-8F13-4809-977A-E673C46AED6A}.Release|Any CPU.Build.0 = Release|Any CPU
		{7159F826-8F13-4809-977A-E673C46AED6A}.Release|x64.ActiveCfg = Release|x64
		{7159F826-8F13-4809-977A-E673C46AED6A}.Release|x64.Build.0 = Release|x64
		{7159F826-8F13-4809-977A-E673C46AED6A}.Silverlight2|Any CPU.ActiveCfg = Release|Any CPU
		{7159F826-8F13-4809-977A-E673C46AED6A}.Silverlight2|Any CPU.Build.0 = Release|Any CPU
		{7159F826-8F13-4809-977A-E673C46AED6A}.Silverlight2|x64.ActiveCfg = Release|x64
		{7159F826-8F13-4809-977A-E673C46AED6A}.Silverlight2|x64.Build.0 = Release|x64
		{7159F826-8F13-4809-977A-E673C46AED6A}.Unity|Any CPU.ActiveCfg = Release|Any CPU
		{7159F826-8F13-4809-977A-E673C46AED6A}.Unity|Any CPU.Build.0 = Release|Any CPU
		{7159F826-8F13-4809-977A-E673C46AED6A}.Unity|x64.ActiveCfg = Release|x64
		{7159F826-8F13-4809-977A-E673C46AED6A}.Unity|x64.Build.0 = Release|x64
		{1309F722-7DCF-4984-B8DB-1474448FBDD5}.CoreOnly|Any CPU.ActiveCfg = Release|Any CPU
		{1309F722-7DCF-4984-B8DB-1474448FBDD5}.CoreOnly|Any CPU.Build.0 = Release|Any CPU
		{1309F722-7DCF-4984-B8DB-1474448FBDD5}.CoreOnly|x64.ActiveCfg = Release|x64
		{1309F722-7DCF-4984-B8DB-1474448FBDD5}.CoreOnly|x64.Build.0 = Release|x64
		{1309F722-7DCF-4984-B8DB-1474448FBDD5}.Debug|Any CPU.ActiveCfg = Debug|Any CPU
		{1309F722-7DCF-4984-B8DB-1474448FBDD5}.Debug|Any CPU.Build.0 = Debug|Any CPU
		{1309F722-7DCF-4984-B8DB-1474448FBDD5}.Debug|x64.ActiveCfg = Debug|x64
		{1309F722-7DCF-4984-B8DB-1474448FBDD5}.Debug|x64.Build.0 = Debug|x64
		{1309F722-7DCF-4984-B8DB-1474448FBDD5}.iOS|Any CPU.ActiveCfg = Release|Any CPU
		{1309F722-7DCF-4984-B8DB-1474448FBDD5}.iOS|Any CPU.Build.0 = Release|Any CPU
		{1309F722-7DCF-4984-B8DB-1474448FBDD5}.iOS|x64.ActiveCfg = Release|x64
		{1309F722-7DCF-4984-B8DB-1474448FBDD5}.iOS|x64.Build.0 = Release|x64
		{1309F722-7DCF-4984-B8DB-1474448FBDD5}.Net20|Any CPU.ActiveCfg = Release|Any CPU
		{1309F722-7DCF-4984-B8DB-1474448FBDD5}.Net20|Any CPU.Build.0 = Release|Any CPU
		{1309F722-7DCF-4984-B8DB-1474448FBDD5}.Net20|x64.ActiveCfg = Release|x64
		{1309F722-7DCF-4984-B8DB-1474448FBDD5}.Net20|x64.Build.0 = Release|x64
		{1309F722-7DCF-4984-B8DB-1474448FBDD5}.Profile|Any CPU.ActiveCfg = Release|Any CPU
		{1309F722-7DCF-4984-B8DB-1474448FBDD5}.Profile|Any CPU.Build.0 = Release|Any CPU
		{1309F722-7DCF-4984-B8DB-1474448FBDD5}.Profile|x64.ActiveCfg = Release|x64
		{1309F722-7DCF-4984-B8DB-1474448FBDD5}.Profile|x64.Build.0 = Release|x64
		{1309F722-7DCF-4984-B8DB-1474448FBDD5}.Release|Any CPU.ActiveCfg = Release|Any CPU
		{1309F722-7DCF-4984-B8DB-1474448FBDD5}.Release|Any CPU.Build.0 = Release|Any CPU
		{1309F722-7DCF-4984-B8DB-1474448FBDD5}.Release|x64.ActiveCfg = Release|x64
		{1309F722-7DCF-4984-B8DB-1474448FBDD5}.Release|x64.Build.0 = Release|x64
		{1309F722-7DCF-4984-B8DB-1474448FBDD5}.Silverlight2|Any CPU.ActiveCfg = Release|Any CPU
		{1309F722-7DCF-4984-B8DB-1474448FBDD5}.Silverlight2|Any CPU.Build.0 = Release|Any CPU
		{1309F722-7DCF-4984-B8DB-1474448FBDD5}.Silverlight2|x64.ActiveCfg = Release|x64
		{1309F722-7DCF-4984-B8DB-1474448FBDD5}.Silverlight2|x64.Build.0 = Release|x64
		{1309F722-7DCF-4984-B8DB-1474448FBDD5}.Unity|Any CPU.ActiveCfg = Release|Any CPU
		{1309F722-7DCF-4984-B8DB-1474448FBDD5}.Unity|Any CPU.Build.0 = Release|Any CPU
		{1309F722-7DCF-4984-B8DB-1474448FBDD5}.Unity|x64.ActiveCfg = Release|x64
		{1309F722-7DCF-4984-B8DB-1474448FBDD5}.Unity|x64.Build.0 = Release|x64
		{53054CB7-B3AC-4024-B8CA-F542842559B1}.CoreOnly|Any CPU.ActiveCfg = Release|Any CPU
		{53054CB7-B3AC-4024-B8CA-F542842559B1}.CoreOnly|Any CPU.Build.0 = Release|Any CPU
		{53054CB7-B3AC-4024-B8CA-F542842559B1}.CoreOnly|x64.ActiveCfg = Release|x64
		{53054CB7-B3AC-4024-B8CA-F542842559B1}.CoreOnly|x64.Build.0 = Release|x64
		{53054CB7-B3AC-4024-B8CA-F542842559B1}.Debug|Any CPU.ActiveCfg = Debug|Any CPU
		{53054CB7-B3AC-4024-B8CA-F542842559B1}.Debug|Any CPU.Build.0 = Debug|Any CPU
		{53054CB7-B3AC-4024-B8CA-F542842559B1}.Debug|x64.ActiveCfg = Debug|x64
		{53054CB7-B3AC-4024-B8CA-F542842559B1}.Debug|x64.Build.0 = Debug|x64
		{53054CB7-B3AC-4024-B8CA-F542842559B1}.iOS|Any CPU.ActiveCfg = Release|Any CPU
		{53054CB7-B3AC-4024-B8CA-F542842559B1}.iOS|Any CPU.Build.0 = Release|Any CPU
		{53054CB7-B3AC-4024-B8CA-F542842559B1}.iOS|x64.ActiveCfg = Release|x64
		{53054CB7-B3AC-4024-B8CA-F542842559B1}.iOS|x64.Build.0 = Release|x64
		{53054CB7-B3AC-4024-B8CA-F542842559B1}.Net20|Any CPU.ActiveCfg = Release|Any CPU
		{53054CB7-B3AC-4024-B8CA-F542842559B1}.Net20|Any CPU.Build.0 = Release|Any CPU
		{53054CB7-B3AC-4024-B8CA-F542842559B1}.Net20|x64.ActiveCfg = Release|x64
		{53054CB7-B3AC-4024-B8CA-F542842559B1}.Net20|x64.Build.0 = Release|x64
		{53054CB7-B3AC-4024-B8CA-F542842559B1}.Profile|Any CPU.ActiveCfg = Release|Any CPU
		{53054CB7-B3AC-4024-B8CA-F542842559B1}.Profile|Any CPU.Build.0 = Release|Any CPU
		{53054CB7-B3AC-4024-B8CA-F542842559B1}.Profile|x64.ActiveCfg = Release|x64
		{53054CB7-B3AC-4024-B8CA-F542842559B1}.Profile|x64.Build.0 = Release|x64
		{53054CB7-B3AC-4024-B8CA-F542842559B1}.Release|Any CPU.ActiveCfg = Release|Any CPU
		{53054CB7-B3AC-4024-B8CA-F542842559B1}.Release|Any CPU.Build.0 = Release|Any CPU
		{53054CB7-B3AC-4024-B8CA-F542842559B1}.Release|x64.ActiveCfg = Release|x64
		{53054CB7-B3AC-4024-B8CA-F542842559B1}.Release|x64.Build.0 = Release|x64
		{53054CB7-B3AC-4024-B8CA-F542842559B1}.Silverlight2|Any CPU.ActiveCfg = Release|Any CPU
		{53054CB7-B3AC-4024-B8CA-F542842559B1}.Silverlight2|Any CPU.Build.0 = Release|Any CPU
		{53054CB7-B3AC-4024-B8CA-F542842559B1}.Silverlight2|x64.ActiveCfg = Release|x64
		{53054CB7-B3AC-4024-B8CA-F542842559B1}.Silverlight2|x64.Build.0 = Release|x64
		{53054CB7-B3AC-4024-B8CA-F542842559B1}.Unity|Any CPU.ActiveCfg = Release|Any CPU
		{53054CB7-B3AC-4024-B8CA-F542842559B1}.Unity|Any CPU.Build.0 = Release|Any CPU
		{53054CB7-B3AC-4024-B8CA-F542842559B1}.Unity|x64.ActiveCfg = Release|x64
		{53054CB7-B3AC-4024-B8CA-F542842559B1}.Unity|x64.Build.0 = Release|x64
		{8374E4D7-2A91-48F1-9360-09B09CF27C3F}.CoreOnly|Any CPU.ActiveCfg = CoreOnly|Any CPU
		{8374E4D7-2A91-48F1-9360-09B09CF27C3F}.CoreOnly|Any CPU.Build.0 = CoreOnly|Any CPU
		{8374E4D7-2A91-48F1-9360-09B09CF27C3F}.CoreOnly|x64.ActiveCfg = CoreOnly|Any CPU
		{8374E4D7-2A91-48F1-9360-09B09CF27C3F}.Debug|Any CPU.ActiveCfg = Debug|Any CPU
		{8374E4D7-2A91-48F1-9360-09B09CF27C3F}.Debug|Any CPU.Build.0 = Debug|Any CPU
		{8374E4D7-2A91-48F1-9360-09B09CF27C3F}.Debug|x64.ActiveCfg = Debug|Any CPU
		{8374E4D7-2A91-48F1-9360-09B09CF27C3F}.iOS|Any CPU.ActiveCfg = iOS|Any CPU
		{8374E4D7-2A91-48F1-9360-09B09CF27C3F}.iOS|Any CPU.Build.0 = iOS|Any CPU
		{8374E4D7-2A91-48F1-9360-09B09CF27C3F}.iOS|x64.ActiveCfg = iOS|Any CPU
		{8374E4D7-2A91-48F1-9360-09B09CF27C3F}.Net20|Any CPU.ActiveCfg = Net20|Any CPU
		{8374E4D7-2A91-48F1-9360-09B09CF27C3F}.Net20|Any CPU.Build.0 = Net20|Any CPU
		{8374E4D7-2A91-48F1-9360-09B09CF27C3F}.Net20|x64.ActiveCfg = Net20|Any CPU
		{8374E4D7-2A91-48F1-9360-09B09CF27C3F}.Profile|Any CPU.ActiveCfg = Profile|Any CPU
		{8374E4D7-2A91-48F1-9360-09B09CF27C3F}.Profile|Any CPU.Build.0 = Profile|Any CPU
		{8374E4D7-2A91-48F1-9360-09B09CF27C3F}.Profile|x64.ActiveCfg = Profile|Any CPU
		{8374E4D7-2A91-48F1-9360-09B09CF27C3F}.Release|Any CPU.ActiveCfg = Release|Any CPU
		{8374E4D7-2A91-48F1-9360-09B09CF27C3F}.Release|Any CPU.Build.0 = Release|Any CPU
		{8374E4D7-2A91-48F1-9360-09B09CF27C3F}.Release|x64.ActiveCfg = Release|Any CPU
		{8374E4D7-2A91-48F1-9360-09B09CF27C3F}.Silverlight2|Any CPU.ActiveCfg = Silverlight2|Any CPU
		{8374E4D7-2A91-48F1-9360-09B09CF27C3F}.Silverlight2|Any CPU.Build.0 = Silverlight2|Any CPU
		{8374E4D7-2A91-48F1-9360-09B09CF27C3F}.Silverlight2|x64.ActiveCfg = Silverlight2|Any CPU
		{8374E4D7-2A91-48F1-9360-09B09CF27C3F}.Unity|Any CPU.ActiveCfg = Unity|Any CPU
		{8374E4D7-2A91-48F1-9360-09B09CF27C3F}.Unity|Any CPU.Build.0 = Unity|Any CPU
		{8374E4D7-2A91-48F1-9360-09B09CF27C3F}.Unity|x64.ActiveCfg = Unity|Any CPU
		{02C7FB77-F233-426D-A522-5036DF9B2ED6}.CoreOnly|Any CPU.ActiveCfg = Release|Any CPU
		{02C7FB77-F233-426D-A522-5036DF9B2ED6}.CoreOnly|Any CPU.Build.0 = Release|Any CPU
		{02C7FB77-F233-426D-A522-5036DF9B2ED6}.CoreOnly|x64.ActiveCfg = Release|x64
		{02C7FB77-F233-426D-A522-5036DF9B2ED6}.CoreOnly|x64.Build.0 = Release|x64
		{02C7FB77-F233-426D-A522-5036DF9B2ED6}.Debug|Any CPU.ActiveCfg = Debug|Any CPU
		{02C7FB77-F233-426D-A522-5036DF9B2ED6}.Debug|Any CPU.Build.0 = Debug|Any CPU
		{02C7FB77-F233-426D-A522-5036DF9B2ED6}.Debug|x64.ActiveCfg = Debug|x64
		{02C7FB77-F233-426D-A522-5036DF9B2ED6}.Debug|x64.Build.0 = Debug|x64
		{02C7FB77-F233-426D-A522-5036DF9B2ED6}.iOS|Any CPU.ActiveCfg = Release|Any CPU
		{02C7FB77-F233-426D-A522-5036DF9B2ED6}.iOS|Any CPU.Build.0 = Release|Any CPU
		{02C7FB77-F233-426D-A522-5036DF9B2ED6}.iOS|x64.ActiveCfg = Release|x64
		{02C7FB77-F233-426D-A522-5036DF9B2ED6}.iOS|x64.Build.0 = Release|x64
		{02C7FB77-F233-426D-A522-5036DF9B2ED6}.Net20|Any CPU.ActiveCfg = Release|Any CPU
		{02C7FB77-F233-426D-A522-5036DF9B2ED6}.Net20|Any CPU.Build.0 = Release|Any CPU
		{02C7FB77-F233-426D-A522-5036DF9B2ED6}.Net20|x64.ActiveCfg = Release|x64
		{02C7FB77-F233-426D-A522-5036DF9B2ED6}.Net20|x64.Build.0 = Release|x64
		{02C7FB77-F233-426D-A522-5036DF9B2ED6}.Profile|Any CPU.ActiveCfg = Release|Any CPU
		{02C7FB77-F233-426D-A522-5036DF9B2ED6}.Profile|Any CPU.Build.0 = Release|Any CPU
		{02C7FB77-F233-426D-A522-5036DF9B2ED6}.Profile|x64.ActiveCfg = Release|x64
		{02C7FB77-F233-426D-A522-5036DF9B2ED6}.Profile|x64.Build.0 = Release|x64
		{02C7FB77-F233-426D-A522-5036DF9B2ED6}.Release|Any CPU.ActiveCfg = Release|Any CPU
		{02C7FB77-F233-426D-A522-5036DF9B2ED6}.Release|Any CPU.Build.0 = Release|Any CPU
		{02C7FB77-F233-426D-A522-5036DF9B2ED6}.Release|x64.ActiveCfg = Release|x64
		{02C7FB77-F233-426D-A522-5036DF9B2ED6}.Release|x64.Build.0 = Release|x64
		{02C7FB77-F233-426D-A522-5036DF9B2ED6}.Silverlight2|Any CPU.ActiveCfg = Release|Any CPU
		{02C7FB77-F233-426D-A522-5036DF9B2ED6}.Silverlight2|Any CPU.Build.0 = Release|Any CPU
		{02C7FB77-F233-426D-A522-5036DF9B2ED6}.Silverlight2|x64.ActiveCfg = Release|x64
		{02C7FB77-F233-426D-A522-5036DF9B2ED6}.Silverlight2|x64.Build.0 = Release|x64
		{02C7FB77-F233-426D-A522-5036DF9B2ED6}.Unity|Any CPU.ActiveCfg = Release|Any CPU
		{02C7FB77-F233-426D-A522-5036DF9B2ED6}.Unity|Any CPU.Build.0 = Release|Any CPU
		{02C7FB77-F233-426D-A522-5036DF9B2ED6}.Unity|x64.ActiveCfg = Release|x64
		{02C7FB77-F233-426D-A522-5036DF9B2ED6}.Unity|x64.Build.0 = Release|x64
		{1C18143A-FE62-425C-ABE5-A96C2E9D41BE}.CoreOnly|Any CPU.ActiveCfg = Release|Any CPU
		{1C18143A-FE62-425C-ABE5-A96C2E9D41BE}.CoreOnly|Any CPU.Build.0 = Release|Any CPU
		{1C18143A-FE62-425C-ABE5-A96C2E9D41BE}.CoreOnly|x64.ActiveCfg = Release|Any CPU
		{1C18143A-FE62-425C-ABE5-A96C2E9D41BE}.Debug|Any CPU.ActiveCfg = Debug|Any CPU
		{1C18143A-FE62-425C-ABE5-A96C2E9D41BE}.Debug|Any CPU.Build.0 = Debug|Any CPU
		{1C18143A-FE62-425C-ABE5-A96C2E9D41BE}.Debug|x64.ActiveCfg = Debug|Any CPU
		{1C18143A-FE62-425C-ABE5-A96C2E9D41BE}.iOS|Any CPU.ActiveCfg = Release|Any CPU
		{1C18143A-FE62-425C-ABE5-A96C2E9D41BE}.iOS|Any CPU.Build.0 = Release|Any CPU
		{1C18143A-FE62-425C-ABE5-A96C2E9D41BE}.iOS|x64.ActiveCfg = Release|Any CPU
		{1C18143A-FE62-425C-ABE5-A96C2E9D41BE}.Net20|Any CPU.ActiveCfg = Release|Any CPU
		{1C18143A-FE62-425C-ABE5-A96C2E9D41BE}.Net20|Any CPU.Build.0 = Release|Any CPU
		{1C18143A-FE62-425C-ABE5-A96C2E9D41BE}.Net20|x64.ActiveCfg = Release|Any CPU
		{1C18143A-FE62-425C-ABE5-A96C2E9D41BE}.Profile|Any CPU.ActiveCfg = Release|Any CPU
		{1C18143A-FE62-425C-ABE5-A96C2E9D41BE}.Profile|Any CPU.Build.0 = Release|Any CPU
		{1C18143A-FE62-425C-ABE5-A96C2E9D41BE}.Profile|x64.ActiveCfg = Release|Any CPU
		{1C18143A-FE62-425C-ABE5-A96C2E9D41BE}.Release|Any CPU.ActiveCfg = Release|Any CPU
		{1C18143A-FE62-425C-ABE5-A96C2E9D41BE}.Release|Any CPU.Build.0 = Release|Any CPU
		{1C18143A-FE62-425C-ABE5-A96C2E9D41BE}.Release|x64.ActiveCfg = Release|Any CPU
		{1C18143A-FE62-425C-ABE5-A96C2E9D41BE}.Silverlight2|Any CPU.ActiveCfg = Release|Any CPU
		{1C18143A-FE62-425C-ABE5-A96C2E9D41BE}.Silverlight2|Any CPU.Build.0 = Release|Any CPU
		{1C18143A-FE62-425C-ABE5-A96C2E9D41BE}.Silverlight2|x64.ActiveCfg = Release|Any CPU
		{1C18143A-FE62-425C-ABE5-A96C2E9D41BE}.Unity|Any CPU.ActiveCfg = Release|Any CPU
		{1C18143A-FE62-425C-ABE5-A96C2E9D41BE}.Unity|Any CPU.Build.0 = Release|Any CPU
		{1C18143A-FE62-425C-ABE5-A96C2E9D41BE}.Unity|x64.ActiveCfg = Release|Any CPU
		{A564FDCF-9EF0-4EF4-8270-03FAF1F2F269}.CoreOnly|Any CPU.ActiveCfg = Release|Any CPU
		{A564FDCF-9EF0-4EF4-8270-03FAF1F2F269}.CoreOnly|Any CPU.Build.0 = Release|Any CPU
		{A564FDCF-9EF0-4EF4-8270-03FAF1F2F269}.CoreOnly|x64.ActiveCfg = Release|x64
		{A564FDCF-9EF0-4EF4-8270-03FAF1F2F269}.CoreOnly|x64.Build.0 = Release|x64
		{A564FDCF-9EF0-4EF4-8270-03FAF1F2F269}.Debug|Any CPU.ActiveCfg = Debug|Any CPU
		{A564FDCF-9EF0-4EF4-8270-03FAF1F2F269}.Debug|Any CPU.Build.0 = Debug|Any CPU
		{A564FDCF-9EF0-4EF4-8270-03FAF1F2F269}.Debug|x64.ActiveCfg = Debug|x64
		{A564FDCF-9EF0-4EF4-8270-03FAF1F2F269}.Debug|x64.Build.0 = Debug|x64
		{A564FDCF-9EF0-4EF4-8270-03FAF1F2F269}.iOS|Any CPU.ActiveCfg = Release|Any CPU
		{A564FDCF-9EF0-4EF4-8270-03FAF1F2F269}.iOS|Any CPU.Build.0 = Release|Any CPU
		{A564FDCF-9EF0-4EF4-8270-03FAF1F2F269}.iOS|x64.ActiveCfg = Release|x64
		{A564FDCF-9EF0-4EF4-8270-03FAF1F2F269}.iOS|x64.Build.0 = Release|x64
		{A564FDCF-9EF0-4EF4-8270-03FAF1F2F269}.Net20|Any CPU.ActiveCfg = Release|Any CPU
		{A564FDCF-9EF0-4EF4-8270-03FAF1F2F269}.Net20|Any CPU.Build.0 = Release|Any CPU
		{A564FDCF-9EF0-4EF4-8270-03FAF1F2F269}.Net20|x64.ActiveCfg = Release|x64
		{A564FDCF-9EF0-4EF4-8270-03FAF1F2F269}.Net20|x64.Build.0 = Release|x64
		{A564FDCF-9EF0-4EF4-8270-03FAF1F2F269}.Profile|Any CPU.ActiveCfg = Release|Any CPU
		{A564FDCF-9EF0-4EF4-8270-03FAF1F2F269}.Profile|Any CPU.Build.0 = Release|Any CPU
		{A564FDCF-9EF0-4EF4-8270-03FAF1F2F269}.Profile|x64.ActiveCfg = Release|x64
		{A564FDCF-9EF0-4EF4-8270-03FAF1F2F269}.Profile|x64.Build.0 = Release|x64
		{A564FDCF-9EF0-4EF4-8270-03FAF1F2F269}.Release|Any CPU.ActiveCfg = Release|Any CPU
		{A564FDCF-9EF0-4EF4-8270-03FAF1F2F269}.Release|Any CPU.Build.0 = Release|Any CPU
		{A564FDCF-9EF0-4EF4-8270-03FAF1F2F269}.Release|x64.ActiveCfg = Release|x64
		{A564FDCF-9EF0-4EF4-8270-03FAF1F2F269}.Release|x64.Build.0 = Release|x64
		{A564FDCF-9EF0-4EF4-8270-03FAF1F2F269}.Silverlight2|Any CPU.ActiveCfg = Release|Any CPU
		{A564FDCF-9EF0-4EF4-8270-03FAF1F2F269}.Silverlight2|Any CPU.Build.0 = Release|Any CPU
		{A564FDCF-9EF0-4EF4-8270-03FAF1F2F269}.Silverlight2|x64.ActiveCfg = Release|x64
		{A564FDCF-9EF0-4EF4-8270-03FAF1F2F269}.Silverlight2|x64.Build.0 = Release|x64
		{A564FDCF-9EF0-4EF4-8270-03FAF1F2F269}.Unity|Any CPU.ActiveCfg = Release|Any CPU
		{A564FDCF-9EF0-4EF4-8270-03FAF1F2F269}.Unity|Any CPU.Build.0 = Release|Any CPU
		{A564FDCF-9EF0-4EF4-8270-03FAF1F2F269}.Unity|x64.ActiveCfg = Release|x64
		{A564FDCF-9EF0-4EF4-8270-03FAF1F2F269}.Unity|x64.Build.0 = Release|x64
		{792EF988-ECE3-4E45-AF90-728395C5E6BE}.CoreOnly|Any CPU.ActiveCfg = Release|Any CPU
		{792EF988-ECE3-4E45-AF90-728395C5E6BE}.CoreOnly|Any CPU.Build.0 = Release|Any CPU
		{792EF988-ECE3-4E45-AF90-728395C5E6BE}.CoreOnly|x64.ActiveCfg = Release|Any CPU
		{792EF988-ECE3-4E45-AF90-728395C5E6BE}.Debug|Any CPU.ActiveCfg = Debug|Any CPU
		{792EF988-ECE3-4E45-AF90-728395C5E6BE}.Debug|Any CPU.Build.0 = Debug|Any CPU
		{792EF988-ECE3-4E45-AF90-728395C5E6BE}.Debug|x64.ActiveCfg = Debug|Any CPU
		{792EF988-ECE3-4E45-AF90-728395C5E6BE}.iOS|Any CPU.ActiveCfg = Release|Any CPU
		{792EF988-ECE3-4E45-AF90-728395C5E6BE}.iOS|Any CPU.Build.0 = Release|Any CPU
		{792EF988-ECE3-4E45-AF90-728395C5E6BE}.iOS|x64.ActiveCfg = Release|Any CPU
		{792EF988-ECE3-4E45-AF90-728395C5E6BE}.Net20|Any CPU.ActiveCfg = Release|Any CPU
		{792EF988-ECE3-4E45-AF90-728395C5E6BE}.Net20|Any CPU.Build.0 = Release|Any CPU
		{792EF988-ECE3-4E45-AF90-728395C5E6BE}.Net20|x64.ActiveCfg = Release|Any CPU
		{792EF988-ECE3-4E45-AF90-728395C5E6BE}.Profile|Any CPU.ActiveCfg = Release|Any CPU
		{792EF988-ECE3-4E45-AF90-728395C5E6BE}.Profile|Any CPU.Build.0 = Release|Any CPU
		{792EF988-ECE3-4E45-AF90-728395C5E6BE}.Profile|x64.ActiveCfg = Release|Any CPU
		{792EF988-ECE3-4E45-AF90-728395C5E6BE}.Release|Any CPU.ActiveCfg = Release|Any CPU
		{792EF988-ECE3-4E45-AF90-728395C5E6BE}.Release|Any CPU.Build.0 = Release|Any CPU
		{792EF988-ECE3-4E45-AF90-728395C5E6BE}.Release|x64.ActiveCfg = Release|Any CPU
		{792EF988-ECE3-4E45-AF90-728395C5E6BE}.Silverlight2|Any CPU.ActiveCfg = Release|Any CPU
		{792EF988-ECE3-4E45-AF90-728395C5E6BE}.Silverlight2|Any CPU.Build.0 = Release|Any CPU
		{792EF988-ECE3-4E45-AF90-728395C5E6BE}.Silverlight2|x64.ActiveCfg = Release|Any CPU
		{792EF988-ECE3-4E45-AF90-728395C5E6BE}.Unity|Any CPU.ActiveCfg = Release|Any CPU
		{792EF988-ECE3-4E45-AF90-728395C5E6BE}.Unity|Any CPU.Build.0 = Release|Any CPU
		{792EF988-ECE3-4E45-AF90-728395C5E6BE}.Unity|x64.ActiveCfg = Release|Any CPU
		{88A98020-7770-41CF-B46C-4A2713D7D771}.CoreOnly|Any CPU.ActiveCfg = Release|Any CPU
		{88A98020-7770-41CF-B46C-4A2713D7D771}.CoreOnly|Any CPU.Build.0 = Release|Any CPU
		{88A98020-7770-41CF-B46C-4A2713D7D771}.CoreOnly|x64.ActiveCfg = Release|Any CPU
		{88A98020-7770-41CF-B46C-4A2713D7D771}.Debug|Any CPU.ActiveCfg = Debug|Any CPU
		{88A98020-7770-41CF-B46C-4A2713D7D771}.Debug|Any CPU.Build.0 = Debug|Any CPU
		{88A98020-7770-41CF-B46C-4A2713D7D771}.Debug|x64.ActiveCfg = Debug|Any CPU
		{88A98020-7770-41CF-B46C-4A2713D7D771}.iOS|Any CPU.ActiveCfg = Release|Any CPU
		{88A98020-7770-41CF-B46C-4A2713D7D771}.iOS|Any CPU.Build.0 = Release|Any CPU
		{88A98020-7770-41CF-B46C-4A2713D7D771}.iOS|x64.ActiveCfg = Release|Any CPU
		{88A98020-7770-41CF-B46C-4A2713D7D771}.Net20|Any CPU.ActiveCfg = Release|Any CPU
		{88A98020-7770-41CF-B46C-4A2713D7D771}.Net20|Any CPU.Build.0 = Release|Any CPU
		{88A98020-7770-41CF-B46C-4A2713D7D771}.Net20|x64.ActiveCfg = Release|Any CPU
		{88A98020-7770-41CF-B46C-4A2713D7D771}.Profile|Any CPU.ActiveCfg = Release|Any CPU
		{88A98020-7770-41CF-B46C-4A2713D7D771}.Profile|Any CPU.Build.0 = Release|Any CPU
		{88A98020-7770-41CF-B46C-4A2713D7D771}.Profile|x64.ActiveCfg = Release|Any CPU
		{88A98020-7770-41CF-B46C-4A2713D7D771}.Release|Any CPU.ActiveCfg = Release|Any CPU
		{88A98020-7770-41CF-B46C-4A2713D7D771}.Release|Any CPU.Build.0 = Release|Any CPU
		{88A98020-7770-41CF-B46C-4A2713D7D771}.Release|x64.ActiveCfg = Release|Any CPU
		{88A98020-7770-41CF-B46C-4A2713D7D771}.Silverlight2|Any CPU.ActiveCfg = Release|Any CPU
		{88A98020-7770-41CF-B46C-4A2713D7D771}.Silverlight2|Any CPU.Build.0 = Release|Any CPU
		{88A98020-7770-41CF-B46C-4A2713D7D771}.Silverlight2|x64.ActiveCfg = Release|Any CPU
		{88A98020-7770-41CF-B46C-4A2713D7D771}.Unity|Any CPU.ActiveCfg = Release|Any CPU
		{88A98020-7770-41CF-B46C-4A2713D7D771}.Unity|Any CPU.Build.0 = Release|Any CPU
		{88A98020-7770-41CF-B46C-4A2713D7D771}.Unity|x64.ActiveCfg = Release|Any CPU
		{455D35A3-6CF9-48BD-A4F4-7D0E69454A1D}.CoreOnly|Any CPU.ActiveCfg = Release|Any CPU
		{455D35A3-6CF9-48BD-A4F4-7D0E69454A1D}.CoreOnly|Any CPU.Build.0 = Release|Any CPU
		{455D35A3-6CF9-48BD-A4F4-7D0E69454A1D}.CoreOnly|x64.ActiveCfg = Release|Any CPU
		{455D35A3-6CF9-48BD-A4F4-7D0E69454A1D}.Debug|Any CPU.ActiveCfg = Debug|Any CPU
		{455D35A3-6CF9-48BD-A4F4-7D0E69454A1D}.Debug|Any CPU.Build.0 = Debug|Any CPU
		{455D35A3-6CF9-48BD-A4F4-7D0E69454A1D}.Debug|x64.ActiveCfg = Debug|Any CPU
		{455D35A3-6CF9-48BD-A4F4-7D0E69454A1D}.iOS|Any CPU.ActiveCfg = Release|Any CPU
		{455D35A3-6CF9-48BD-A4F4-7D0E69454A1D}.iOS|Any CPU.Build.0 = Release|Any CPU
		{455D35A3-6CF9-48BD-A4F4-7D0E69454A1D}.iOS|x64.ActiveCfg = Release|Any CPU
		{455D35A3-6CF9-48BD-A4F4-7D0E69454A1D}.Net20|Any CPU.ActiveCfg = Release|Any CPU
		{455D35A3-6CF9-48BD-A4F4-7D0E69454A1D}.Net20|Any CPU.Build.0 = Release|Any CPU
		{455D35A3-6CF9-48BD-A4F4-7D0E69454A1D}.Net20|x64.ActiveCfg = Release|Any CPU
		{455D35A3-6CF9-48BD-A4F4-7D0E69454A1D}.Profile|Any CPU.ActiveCfg = Release|Any CPU
		{455D35A3-6CF9-48BD-A4F4-7D0E69454A1D}.Profile|Any CPU.Build.0 = Release|Any CPU
		{455D35A3-6CF9-48BD-A4F4-7D0E69454A1D}.Profile|x64.ActiveCfg = Release|Any CPU
		{455D35A3-6CF9-48BD-A4F4-7D0E69454A1D}.Release|Any CPU.ActiveCfg = Release|Any CPU
		{455D35A3-6CF9-48BD-A4F4-7D0E69454A1D}.Release|Any CPU.Build.0 = Release|Any CPU
		{455D35A3-6CF9-48BD-A4F4-7D0E69454A1D}.Release|x64.ActiveCfg = Release|Any CPU
		{455D35A3-6CF9-48BD-A4F4-7D0E69454A1D}.Silverlight2|Any CPU.ActiveCfg = Release|Any CPU
		{455D35A3-6CF9-48BD-A4F4-7D0E69454A1D}.Silverlight2|Any CPU.Build.0 = Release|Any CPU
		{455D35A3-6CF9-48BD-A4F4-7D0E69454A1D}.Silverlight2|x64.ActiveCfg = Release|Any CPU
		{455D35A3-6CF9-48BD-A4F4-7D0E69454A1D}.Unity|Any CPU.ActiveCfg = Release|Any CPU
		{455D35A3-6CF9-48BD-A4F4-7D0E69454A1D}.Unity|Any CPU.Build.0 = Release|Any CPU
		{455D35A3-6CF9-48BD-A4F4-7D0E69454A1D}.Unity|x64.ActiveCfg = Release|Any CPU
		{64601F7F-CF25-4C6B-B6E4-F701D6D762BD}.CoreOnly|Any CPU.ActiveCfg = Release|Any CPU
		{64601F7F-CF25-4C6B-B6E4-F701D6D762BD}.CoreOnly|Any CPU.Build.0 = Release|Any CPU
		{64601F7F-CF25-4C6B-B6E4-F701D6D762BD}.CoreOnly|x64.ActiveCfg = Release|Any CPU
		{64601F7F-CF25-4C6B-B6E4-F701D6D762BD}.Debug|Any CPU.ActiveCfg = Debug|Any CPU
		{64601F7F-CF25-4C6B-B6E4-F701D6D762BD}.Debug|Any CPU.Build.0 = Debug|Any CPU
		{64601F7F-CF25-4C6B-B6E4-F701D6D762BD}.Debug|x64.ActiveCfg = Debug|Any CPU
		{64601F7F-CF25-4C6B-B6E4-F701D6D762BD}.iOS|Any CPU.ActiveCfg = Release|Any CPU
		{64601F7F-CF25-4C6B-B6E4-F701D6D762BD}.iOS|Any CPU.Build.0 = Release|Any CPU
		{64601F7F-CF25-4C6B-B6E4-F701D6D762BD}.iOS|x64.ActiveCfg = Release|Any CPU
		{64601F7F-CF25-4C6B-B6E4-F701D6D762BD}.Net20|Any CPU.ActiveCfg = Release|Any CPU
		{64601F7F-CF25-4C6B-B6E4-F701D6D762BD}.Net20|Any CPU.Build.0 = Release|Any CPU
		{64601F7F-CF25-4C6B-B6E4-F701D6D762BD}.Net20|x64.ActiveCfg = Release|Any CPU
		{64601F7F-CF25-4C6B-B6E4-F701D6D762BD}.Profile|Any CPU.ActiveCfg = Release|Any CPU
		{64601F7F-CF25-4C6B-B6E4-F701D6D762BD}.Profile|Any CPU.Build.0 = Release|Any CPU
		{64601F7F-CF25-4C6B-B6E4-F701D6D762BD}.Profile|x64.ActiveCfg = Release|Any CPU
		{64601F7F-CF25-4C6B-B6E4-F701D6D762BD}.Release|Any CPU.ActiveCfg = Release|Any CPU
		{64601F7F-CF25-4C6B-B6E4-F701D6D762BD}.Release|Any CPU.Build.0 = Release|Any CPU
		{64601F7F-CF25-4C6B-B6E4-F701D6D762BD}.Release|x64.ActiveCfg = Release|Any CPU
		{64601F7F-CF25-4C6B-B6E4-F701D6D762BD}.Silverlight2|Any CPU.ActiveCfg = Release|Any CPU
		{64601F7F-CF25-4C6B-B6E4-F701D6D762BD}.Silverlight2|Any CPU.Build.0 = Release|Any CPU
		{64601F7F-CF25-4C6B-B6E4-F701D6D762BD}.Silverlight2|x64.ActiveCfg = Release|Any CPU
		{64601F7F-CF25-4C6B-B6E4-F701D6D762BD}.Unity|Any CPU.ActiveCfg = Release|Any CPU
		{64601F7F-CF25-4C6B-B6E4-F701D6D762BD}.Unity|Any CPU.Build.0 = Release|Any CPU
		{64601F7F-CF25-4C6B-B6E4-F701D6D762BD}.Unity|x64.ActiveCfg = Release|Any CPU
		{F8E79A43-C822-490E-AE37-FBE08912FEEE}.CoreOnly|Any CPU.ActiveCfg = Release|Any CPU
		{F8E79A43-C822-490E-AE37-FBE08912FEEE}.CoreOnly|Any CPU.Build.0 = Release|Any CPU
		{F8E79A43-C822-490E-AE37-FBE08912FEEE}.CoreOnly|x64.ActiveCfg = Release|Any CPU
		{F8E79A43-C822-490E-AE37-FBE08912FEEE}.Debug|Any CPU.ActiveCfg = Debug|Any CPU
		{F8E79A43-C822-490E-AE37-FBE08912FEEE}.Debug|Any CPU.Build.0 = Debug|Any CPU
		{F8E79A43-C822-490E-AE37-FBE08912FEEE}.Debug|x64.ActiveCfg = Debug|Any CPU
		{F8E79A43-C822-490E-AE37-FBE08912FEEE}.iOS|Any CPU.ActiveCfg = Release|Any CPU
		{F8E79A43-C822-490E-AE37-FBE08912FEEE}.iOS|Any CPU.Build.0 = Release|Any CPU
		{F8E79A43-C822-490E-AE37-FBE08912FEEE}.iOS|x64.ActiveCfg = Release|Any CPU
		{F8E79A43-C822-490E-AE37-FBE08912FEEE}.Net20|Any CPU.ActiveCfg = Release|Any CPU
		{F8E79A43-C822-490E-AE37-FBE08912FEEE}.Net20|Any CPU.Build.0 = Release|Any CPU
		{F8E79A43-C822-490E-AE37-FBE08912FEEE}.Net20|x64.ActiveCfg = Release|Any CPU
		{F8E79A43-C822-490E-AE37-FBE08912FEEE}.Profile|Any CPU.ActiveCfg = Release|Any CPU
		{F8E79A43-C822-490E-AE37-FBE08912FEEE}.Profile|Any CPU.Build.0 = Release|Any CPU
		{F8E79A43-C822-490E-AE37-FBE08912FEEE}.Profile|x64.ActiveCfg = Release|Any CPU
		{F8E79A43-C822-490E-AE37-FBE08912FEEE}.Release|Any CPU.ActiveCfg = Release|Any CPU
		{F8E79A43-C822-490E-AE37-FBE08912FEEE}.Release|Any CPU.Build.0 = Release|Any CPU
		{F8E79A43-C822-490E-AE37-FBE08912FEEE}.Release|x64.ActiveCfg = Release|Any CPU
		{F8E79A43-C822-490E-AE37-FBE08912FEEE}.Silverlight2|Any CPU.ActiveCfg = Release|Any CPU
		{F8E79A43-C822-490E-AE37-FBE08912FEEE}.Silverlight2|Any CPU.Build.0 = Release|Any CPU
		{F8E79A43-C822-490E-AE37-FBE08912FEEE}.Silverlight2|x64.ActiveCfg = Release|Any CPU
		{F8E79A43-C822-490E-AE37-FBE08912FEEE}.Unity|Any CPU.ActiveCfg = Release|Any CPU
		{F8E79A43-C822-490E-AE37-FBE08912FEEE}.Unity|Any CPU.Build.0 = Release|Any CPU
		{F8E79A43-C822-490E-AE37-FBE08912FEEE}.Unity|x64.ActiveCfg = Release|Any CPU
		{213098CB-AEE2-4931-B467-340A2069C5F7}.CoreOnly|Any CPU.ActiveCfg = Release|Any CPU
		{213098CB-AEE2-4931-B467-340A2069C5F7}.CoreOnly|Any CPU.Build.0 = Release|Any CPU
		{213098CB-AEE2-4931-B467-340A2069C5F7}.CoreOnly|x64.ActiveCfg = Release|Any CPU
		{213098CB-AEE2-4931-B467-340A2069C5F7}.Debug|Any CPU.ActiveCfg = Debug|Any CPU
		{213098CB-AEE2-4931-B467-340A2069C5F7}.Debug|Any CPU.Build.0 = Debug|Any CPU
		{213098CB-AEE2-4931-B467-340A2069C5F7}.Debug|x64.ActiveCfg = Debug|Any CPU
		{213098CB-AEE2-4931-B467-340A2069C5F7}.iOS|Any CPU.ActiveCfg = Release|Any CPU
		{213098CB-AEE2-4931-B467-340A2069C5F7}.iOS|Any CPU.Build.0 = Release|Any CPU
		{213098CB-AEE2-4931-B467-340A2069C5F7}.iOS|x64.ActiveCfg = Release|Any CPU
		{213098CB-AEE2-4931-B467-340A2069C5F7}.Net20|Any CPU.ActiveCfg = Release|Any CPU
		{213098CB-AEE2-4931-B467-340A2069C5F7}.Net20|Any CPU.Build.0 = Release|Any CPU
		{213098CB-AEE2-4931-B467-340A2069C5F7}.Net20|x64.ActiveCfg = Release|Any CPU
		{213098CB-AEE2-4931-B467-340A2069C5F7}.Profile|Any CPU.ActiveCfg = Release|Any CPU
		{213098CB-AEE2-4931-B467-340A2069C5F7}.Profile|Any CPU.Build.0 = Release|Any CPU
		{213098CB-AEE2-4931-B467-340A2069C5F7}.Profile|x64.ActiveCfg = Release|Any CPU
		{213098CB-AEE2-4931-B467-340A2069C5F7}.Release|Any CPU.ActiveCfg = Release|Any CPU
		{213098CB-AEE2-4931-B467-340A2069C5F7}.Release|Any CPU.Build.0 = Release|Any CPU
		{213098CB-AEE2-4931-B467-340A2069C5F7}.Release|x64.ActiveCfg = Release|Any CPU
		{213098CB-AEE2-4931-B467-340A2069C5F7}.Silverlight2|Any CPU.ActiveCfg = Release|Any CPU
		{213098CB-AEE2-4931-B467-340A2069C5F7}.Silverlight2|Any CPU.Build.0 = Release|Any CPU
		{213098CB-AEE2-4931-B467-340A2069C5F7}.Silverlight2|x64.ActiveCfg = Release|Any CPU
		{213098CB-AEE2-4931-B467-340A2069C5F7}.Unity|Any CPU.ActiveCfg = Release|Any CPU
		{213098CB-AEE2-4931-B467-340A2069C5F7}.Unity|Any CPU.Build.0 = Release|Any CPU
		{213098CB-AEE2-4931-B467-340A2069C5F7}.Unity|x64.ActiveCfg = Release|Any CPU
		{B86961F3-89FD-4F82-A24F-B165F557B207}.CoreOnly|Any CPU.ActiveCfg = Release|Any CPU
		{B86961F3-89FD-4F82-A24F-B165F557B207}.CoreOnly|Any CPU.Build.0 = Release|Any CPU
		{B86961F3-89FD-4F82-A24F-B165F557B207}.CoreOnly|x64.ActiveCfg = Release|Any CPU
		{B86961F3-89FD-4F82-A24F-B165F557B207}.Debug|Any CPU.ActiveCfg = Debug|Any CPU
		{B86961F3-89FD-4F82-A24F-B165F557B207}.Debug|Any CPU.Build.0 = Debug|Any CPU
		{B86961F3-89FD-4F82-A24F-B165F557B207}.Debug|x64.ActiveCfg = Debug|Any CPU
		{B86961F3-89FD-4F82-A24F-B165F557B207}.iOS|Any CPU.ActiveCfg = Release|Any CPU
		{B86961F3-89FD-4F82-A24F-B165F557B207}.iOS|Any CPU.Build.0 = Release|Any CPU
		{B86961F3-89FD-4F82-A24F-B165F557B207}.iOS|x64.ActiveCfg = Release|Any CPU
		{B86961F3-89FD-4F82-A24F-B165F557B207}.Net20|Any CPU.ActiveCfg = Release|Any CPU
		{B86961F3-89FD-4F82-A24F-B165F557B207}.Net20|Any CPU.Build.0 = Release|Any CPU
		{B86961F3-89FD-4F82-A24F-B165F557B207}.Net20|x64.ActiveCfg = Release|Any CPU
		{B86961F3-89FD-4F82-A24F-B165F557B207}.Profile|Any CPU.ActiveCfg = Release|Any CPU
		{B86961F3-89FD-4F82-A24F-B165F557B207}.Profile|Any CPU.Build.0 = Release|Any CPU
		{B86961F3-89FD-4F82-A24F-B165F557B207}.Profile|x64.ActiveCfg = Release|Any CPU
		{B86961F3-89FD-4F82-A24F-B165F557B207}.Release|Any CPU.ActiveCfg = Release|Any CPU
		{B86961F3-89FD-4F82-A24F-B165F557B207}.Release|Any CPU.Build.0 = Release|Any CPU
		{B86961F3-89FD-4F82-A24F-B165F557B207}.Release|x64.ActiveCfg = Release|Any CPU
		{B86961F3-89FD-4F82-A24F-B165F557B207}.Silverlight2|Any CPU.ActiveCfg = Release|Any CPU
		{B86961F3-89FD-4F82-A24F-B165F557B207}.Silverlight2|Any CPU.Build.0 = Release|Any CPU
		{B86961F3-89FD-4F82-A24F-B165F557B207}.Silverlight2|x64.ActiveCfg = Release|Any CPU
		{B86961F3-89FD-4F82-A24F-B165F557B207}.Unity|Any CPU.ActiveCfg = Release|Any CPU
		{B86961F3-89FD-4F82-A24F-B165F557B207}.Unity|Any CPU.Build.0 = Release|Any CPU
		{B86961F3-89FD-4F82-A24F-B165F557B207}.Unity|x64.ActiveCfg = Release|Any CPU
		{56ADED66-C772-4378-9420-0AD9ED14C297}.CoreOnly|Any CPU.ActiveCfg = Release|Any CPU
		{56ADED66-C772-4378-9420-0AD9ED14C297}.CoreOnly|Any CPU.Build.0 = Release|Any CPU
		{56ADED66-C772-4378-9420-0AD9ED14C297}.CoreOnly|x64.ActiveCfg = Release|Any CPU
		{56ADED66-C772-4378-9420-0AD9ED14C297}.Debug|Any CPU.ActiveCfg = Debug|Any CPU
		{56ADED66-C772-4378-9420-0AD9ED14C297}.Debug|Any CPU.Build.0 = Debug|Any CPU
		{56ADED66-C772-4378-9420-0AD9ED14C297}.Debug|x64.ActiveCfg = Debug|Any CPU
		{56ADED66-C772-4378-9420-0AD9ED14C297}.iOS|Any CPU.ActiveCfg = Release|Any CPU
		{56ADED66-C772-4378-9420-0AD9ED14C297}.iOS|Any CPU.Build.0 = Release|Any CPU
		{56ADED66-C772-4378-9420-0AD9ED14C297}.iOS|x64.ActiveCfg = Release|Any CPU
		{56ADED66-C772-4378-9420-0AD9ED14C297}.Net20|Any CPU.ActiveCfg = Release|Any CPU
		{56ADED66-C772-4378-9420-0AD9ED14C297}.Net20|Any CPU.Build.0 = Release|Any CPU
		{56ADED66-C772-4378-9420-0AD9ED14C297}.Net20|x64.ActiveCfg = Release|Any CPU
		{56ADED66-C772-4378-9420-0AD9ED14C297}.Profile|Any CPU.ActiveCfg = Release|Any CPU
		{56ADED66-C772-4378-9420-0AD9ED14C297}.Profile|Any CPU.Build.0 = Release|Any CPU
		{56ADED66-C772-4378-9420-0AD9ED14C297}.Profile|x64.ActiveCfg = Release|Any CPU
		{56ADED66-C772-4378-9420-0AD9ED14C297}.Release|Any CPU.ActiveCfg = Release|Any CPU
		{56ADED66-C772-4378-9420-0AD9ED14C297}.Release|Any CPU.Build.0 = Release|Any CPU
		{56ADED66-C772-4378-9420-0AD9ED14C297}.Release|x64.ActiveCfg = Release|Any CPU
		{56ADED66-C772-4378-9420-0AD9ED14C297}.Silverlight2|Any CPU.ActiveCfg = Release|Any CPU
		{56ADED66-C772-4378-9420-0AD9ED14C297}.Silverlight2|Any CPU.Build.0 = Release|Any CPU
		{56ADED66-C772-4378-9420-0AD9ED14C297}.Silverlight2|x64.ActiveCfg = Release|Any CPU
		{56ADED66-C772-4378-9420-0AD9ED14C297}.Unity|Any CPU.ActiveCfg = Release|Any CPU
		{56ADED66-C772-4378-9420-0AD9ED14C297}.Unity|Any CPU.Build.0 = Release|Any CPU
		{56ADED66-C772-4378-9420-0AD9ED14C297}.Unity|x64.ActiveCfg = Release|Any CPU
		{892BED86-5EA4-45D0-A2FD-30A39BBD3698}.CoreOnly|Any CPU.ActiveCfg = Release|Any CPU
		{892BED86-5EA4-45D0-A2FD-30A39BBD3698}.CoreOnly|Any CPU.Build.0 = Release|Any CPU
		{892BED86-5EA4-45D0-A2FD-30A39BBD3698}.CoreOnly|x64.ActiveCfg = Release|Any CPU
		{892BED86-5EA4-45D0-A2FD-30A39BBD3698}.Debug|Any CPU.ActiveCfg = Debug|Any CPU
		{892BED86-5EA4-45D0-A2FD-30A39BBD3698}.Debug|Any CPU.Build.0 = Debug|Any CPU
		{892BED86-5EA4-45D0-A2FD-30A39BBD3698}.Debug|x64.ActiveCfg = Debug|Any CPU
		{892BED86-5EA4-45D0-A2FD-30A39BBD3698}.iOS|Any CPU.ActiveCfg = Release|Any CPU
		{892BED86-5EA4-45D0-A2FD-30A39BBD3698}.iOS|Any CPU.Build.0 = Release|Any CPU
		{892BED86-5EA4-45D0-A2FD-30A39BBD3698}.iOS|x64.ActiveCfg = Release|Any CPU
		{892BED86-5EA4-45D0-A2FD-30A39BBD3698}.Net20|Any CPU.ActiveCfg = Release|Any CPU
		{892BED86-5EA4-45D0-A2FD-30A39BBD3698}.Net20|Any CPU.Build.0 = Release|Any CPU
		{892BED86-5EA4-45D0-A2FD-30A39BBD3698}.Net20|x64.ActiveCfg = Release|Any CPU
		{892BED86-5EA4-45D0-A2FD-30A39BBD3698}.Profile|Any CPU.ActiveCfg = Release|Any CPU
		{892BED86-5EA4-45D0-A2FD-30A39BBD3698}.Profile|Any CPU.Build.0 = Release|Any CPU
		{892BED86-5EA4-45D0-A2FD-30A39BBD3698}.Profile|x64.ActiveCfg = Release|Any CPU
		{892BED86-5EA4-45D0-A2FD-30A39BBD3698}.Release|Any CPU.ActiveCfg = Release|Any CPU
		{892BED86-5EA4-45D0-A2FD-30A39BBD3698}.Release|Any CPU.Build.0 = Release|Any CPU
		{892BED86-5EA4-45D0-A2FD-30A39BBD3698}.Release|x64.ActiveCfg = Release|Any CPU
		{892BED86-5EA4-45D0-A2FD-30A39BBD3698}.Silverlight2|Any CPU.ActiveCfg = Release|Any CPU
		{892BED86-5EA4-45D0-A2FD-30A39BBD3698}.Silverlight2|Any CPU.Build.0 = Release|Any CPU
		{892BED86-5EA4-45D0-A2FD-30A39BBD3698}.Silverlight2|x64.ActiveCfg = Release|Any CPU
		{892BED86-5EA4-45D0-A2FD-30A39BBD3698}.Unity|Any CPU.ActiveCfg = Release|Any CPU
		{892BED86-5EA4-45D0-A2FD-30A39BBD3698}.Unity|Any CPU.Build.0 = Release|Any CPU
		{892BED86-5EA4-45D0-A2FD-30A39BBD3698}.Unity|x64.ActiveCfg = Release|Any CPU
		{2C572E47-AC19-4E60-A6CD-527F8DB24D68}.CoreOnly|Any CPU.ActiveCfg = Release|Any CPU
		{2C572E47-AC19-4E60-A6CD-527F8DB24D68}.CoreOnly|Any CPU.Build.0 = Release|Any CPU
		{2C572E47-AC19-4E60-A6CD-527F8DB24D68}.CoreOnly|x64.ActiveCfg = Release|Any CPU
		{2C572E47-AC19-4E60-A6CD-527F8DB24D68}.Debug|Any CPU.ActiveCfg = Debug|Any CPU
		{2C572E47-AC19-4E60-A6CD-527F8DB24D68}.Debug|Any CPU.Build.0 = Debug|Any CPU
		{2C572E47-AC19-4E60-A6CD-527F8DB24D68}.Debug|x64.ActiveCfg = Debug|Any CPU
		{2C572E47-AC19-4E60-A6CD-527F8DB24D68}.iOS|Any CPU.ActiveCfg = Release|Any CPU
		{2C572E47-AC19-4E60-A6CD-527F8DB24D68}.iOS|Any CPU.Build.0 = Release|Any CPU
		{2C572E47-AC19-4E60-A6CD-527F8DB24D68}.iOS|x64.ActiveCfg = Release|Any CPU
		{2C572E47-AC19-4E60-A6CD-527F8DB24D68}.Net20|Any CPU.ActiveCfg = Release|Any CPU
		{2C572E47-AC19-4E60-A6CD-527F8DB24D68}.Net20|Any CPU.Build.0 = Release|Any CPU
		{2C572E47-AC19-4E60-A6CD-527F8DB24D68}.Net20|x64.ActiveCfg = Release|Any CPU
		{2C572E47-AC19-4E60-A6CD-527F8DB24D68}.Profile|Any CPU.ActiveCfg = Release|Any CPU
		{2C572E47-AC19-4E60-A6CD-527F8DB24D68}.Profile|Any CPU.Build.0 = Release|Any CPU
		{2C572E47-AC19-4E60-A6CD-527F8DB24D68}.Profile|x64.ActiveCfg = Release|Any CPU
		{2C572E47-AC19-4E60-A6CD-527F8DB24D68}.Release|Any CPU.ActiveCfg = Release|Any CPU
		{2C572E47-AC19-4E60-A6CD-527F8DB24D68}.Release|Any CPU.Build.0 = Release|Any CPU
		{2C572E47-AC19-4E60-A6CD-527F8DB24D68}.Release|x64.ActiveCfg = Release|Any CPU
		{2C572E47-AC19-4E60-A6CD-527F8DB24D68}.Silverlight2|Any CPU.ActiveCfg = Release|Any CPU
		{2C572E47-AC19-4E60-A6CD-527F8DB24D68}.Silverlight2|Any CPU.Build.0 = Release|Any CPU
		{2C572E47-AC19-4E60-A6CD-527F8DB24D68}.Silverlight2|x64.ActiveCfg = Release|Any CPU
		{2C572E47-AC19-4E60-A6CD-527F8DB24D68}.Unity|Any CPU.ActiveCfg = Release|Any CPU
		{2C572E47-AC19-4E60-A6CD-527F8DB24D68}.Unity|Any CPU.Build.0 = Release|Any CPU
		{2C572E47-AC19-4E60-A6CD-527F8DB24D68}.Unity|x64.ActiveCfg = Release|Any CPU
		{2FEA19C9-8AC0-4759-BC6F-FA187EF69BB6}.CoreOnly|Any CPU.ActiveCfg = Release|Any CPU
		{2FEA19C9-8AC0-4759-BC6F-FA187EF69BB6}.CoreOnly|Any CPU.Build.0 = Release|Any CPU
		{2FEA19C9-8AC0-4759-BC6F-FA187EF69BB6}.CoreOnly|x64.ActiveCfg = Release|Any CPU
		{2FEA19C9-8AC0-4759-BC6F-FA187EF69BB6}.Debug|Any CPU.ActiveCfg = Debug|Any CPU
		{2FEA19C9-8AC0-4759-BC6F-FA187EF69BB6}.Debug|Any CPU.Build.0 = Debug|Any CPU
		{2FEA19C9-8AC0-4759-BC6F-FA187EF69BB6}.Debug|x64.ActiveCfg = Debug|Any CPU
		{2FEA19C9-8AC0-4759-BC6F-FA187EF69BB6}.iOS|Any CPU.ActiveCfg = Release|Any CPU
		{2FEA19C9-8AC0-4759-BC6F-FA187EF69BB6}.iOS|Any CPU.Build.0 = Release|Any CPU
		{2FEA19C9-8AC0-4759-BC6F-FA187EF69BB6}.iOS|x64.ActiveCfg = Release|Any CPU
		{2FEA19C9-8AC0-4759-BC6F-FA187EF69BB6}.Net20|Any CPU.ActiveCfg = Release|Any CPU
		{2FEA19C9-8AC0-4759-BC6F-FA187EF69BB6}.Net20|Any CPU.Build.0 = Release|Any CPU
		{2FEA19C9-8AC0-4759-BC6F-FA187EF69BB6}.Net20|x64.ActiveCfg = Release|Any CPU
		{2FEA19C9-8AC0-4759-BC6F-FA187EF69BB6}.Profile|Any CPU.ActiveCfg = Release|Any CPU
		{2FEA19C9-8AC0-4759-BC6F-FA187EF69BB6}.Profile|Any CPU.Build.0 = Release|Any CPU
		{2FEA19C9-8AC0-4759-BC6F-FA187EF69BB6}.Profile|x64.ActiveCfg = Release|Any CPU
		{2FEA19C9-8AC0-4759-BC6F-FA187EF69BB6}.Release|Any CPU.ActiveCfg = Release|Any CPU
		{2FEA19C9-8AC0-4759-BC6F-FA187EF69BB6}.Release|Any CPU.Build.0 = Release|Any CPU
		{2FEA19C9-8AC0-4759-BC6F-FA187EF69BB6}.Release|x64.ActiveCfg = Release|Any CPU
		{2FEA19C9-8AC0-4759-BC6F-FA187EF69BB6}.Silverlight2|Any CPU.ActiveCfg = Release|Any CPU
		{2FEA19C9-8AC0-4759-BC6F-FA187EF69BB6}.Silverlight2|Any CPU.Build.0 = Release|Any CPU
		{2FEA19C9-8AC0-4759-BC6F-FA187EF69BB6}.Silverlight2|x64.ActiveCfg = Release|Any CPU
		{2FEA19C9-8AC0-4759-BC6F-FA187EF69BB6}.Unity|Any CPU.ActiveCfg = Release|Any CPU
		{2FEA19C9-8AC0-4759-BC6F-FA187EF69BB6}.Unity|Any CPU.Build.0 = Release|Any CPU
		{2FEA19C9-8AC0-4759-BC6F-FA187EF69BB6}.Unity|x64.ActiveCfg = Release|Any CPU
	EndGlobalSection
	GlobalSection(SolutionProperties) = preSolution
		HideSolutionNode = FALSE
	EndGlobalSection
	GlobalSection(NestedProjects) = preSolution
		{C43858CE-AEB1-497A-AB38-1E42185DB678} = {0D964A01-E594-426E-8FC2-54EE6A865A17}
		{7159F826-8F13-4809-977A-E673C46AED6A} = {0D964A01-E594-426E-8FC2-54EE6A865A17}
		{1309F722-7DCF-4984-B8DB-1474448FBDD5} = {0D964A01-E594-426E-8FC2-54EE6A865A17}
		{53054CB7-B3AC-4024-B8CA-F542842559B1} = {0D964A01-E594-426E-8FC2-54EE6A865A17}
		{8374E4D7-2A91-48F1-9360-09B09CF27C3F} = {0D964A01-E594-426E-8FC2-54EE6A865A17}
		{02C7FB77-F233-426D-A522-5036DF9B2ED6} = {0D964A01-E594-426E-8FC2-54EE6A865A17}
		{1C18143A-FE62-425C-ABE5-A96C2E9D41BE} = {0D964A01-E594-426E-8FC2-54EE6A865A17}
		{A564FDCF-9EF0-4EF4-8270-03FAF1F2F269} = {F6EEB165-F533-426B-9FA1-EF3D60E21814}
		{792EF988-ECE3-4E45-AF90-728395C5E6BE} = {F6EEB165-F533-426B-9FA1-EF3D60E21814}
		{88A98020-7770-41CF-B46C-4A2713D7D771} = {F6EEB165-F533-426B-9FA1-EF3D60E21814}
		{455D35A3-6CF9-48BD-A4F4-7D0E69454A1D} = {0D964A01-E594-426E-8FC2-54EE6A865A17}
		{64601F7F-CF25-4C6B-B6E4-F701D6D762BD} = {0D964A01-E594-426E-8FC2-54EE6A865A17}
		{F8E79A43-C822-490E-AE37-FBE08912FEEE} = {0D964A01-E594-426E-8FC2-54EE6A865A17}
		{213098CB-AEE2-4931-B467-340A2069C5F7} = {0D964A01-E594-426E-8FC2-54EE6A865A17}
		{B86961F3-89FD-4F82-A24F-B165F557B207} = {F6EEB165-F533-426B-9FA1-EF3D60E21814}
		{56ADED66-C772-4378-9420-0AD9ED14C297} = {F6EEB165-F533-426B-9FA1-EF3D60E21814}
		{892BED86-5EA4-45D0-A2FD-30A39BBD3698} = {0D964A01-E594-426E-8FC2-54EE6A865A17}
		{2C572E47-AC19-4E60-A6CD-527F8DB24D68} = {F6EEB165-F533-426B-9FA1-EF3D60E21814}
		{2FEA19C9-8AC0-4759-BC6F-FA187EF69BB6} = {F6EEB165-F533-426B-9FA1-EF3D60E21814}
	EndGlobalSection
EndGlobal
